// !$*UTF8*$!
{
	archiveVersion = 1;
	classes = {
	};
	objectVersion = 46;
	objects = {

/* Begin PBXBuildFile section */
		E005ECB616B23CCE002FB0CB /* Reachability.m in Sources */ = {isa = PBXBuildFile; fileRef = E005ECB516B23CCD002FB0CB /* Reachability.m */; };
		E005ECB916B24001002FB0CB /* SystemConfiguration.framework in Frameworks */ = {isa = PBXBuildFile; fileRef = E005ECB816B24001002FB0CB /* SystemConfiguration.framework */; };
		E006F5D91697578D0065FE9D /* HeadlessNavigationBarHelper.m in Sources */ = {isa = PBXBuildFile; fileRef = E006F5D81697578D0065FE9D /* HeadlessNavigationBarHelper.m */; };
		E00CF03416B34644009EB1EF /* Icon.png in Resources */ = {isa = PBXBuildFile; fileRef = E00CF03016B34644009EB1EF /* Icon.png */; };
		E00CF03516B34644009EB1EF /* Icon@2x.png in Resources */ = {isa = PBXBuildFile; fileRef = E00CF03116B34644009EB1EF /* Icon@2x.png */; };
		E00CF03616B34644009EB1EF /* iTunesArtwork in Resources */ = {isa = PBXBuildFile; fileRef = E00CF03216B34644009EB1EF /* iTunesArtwork */; };
		E00CF03716B34644009EB1EF /* iTunesArtwork@2x in Resources */ = {isa = PBXBuildFile; fileRef = E00CF03316B34644009EB1EF /* iTunesArtwork@2x */; };
		E014FD801673E7E500621B86 /* HeadlessDataNode.m in Sources */ = {isa = PBXBuildFile; fileRef = E014FD771673E7E500621B86 /* HeadlessDataNode.m */; };
		E014FD831673E7E500621B86 /* Pointers.m in Sources */ = {isa = PBXBuildFile; fileRef = E014FD7C1673E7E500621B86 /* Pointers.m */; };
		E014FD851673E7E500621B86 /* HeadlessDataNodeParser.m in Sources */ = {isa = PBXBuildFile; fileRef = E014FD7F1673E7E500621B86 /* HeadlessDataNodeParser.m */; };
		E014FD981673E7F500621B86 /* HeadlessBrowserViewController.m in Sources */ = {isa = PBXBuildFile; fileRef = E014FD8A1673E7F500621B86 /* HeadlessBrowserViewController.m */; };
		E014FD991673E7F500621B86 /* HeadlessMainTableViewController.m in Sources */ = {isa = PBXBuildFile; fileRef = E014FD8C1673E7F500621B86 /* HeadlessMainTableViewController.m */; };
		E014FD9E1673E7F500621B86 /* HeadlessSubMenuTableViewController.m in Sources */ = {isa = PBXBuildFile; fileRef = E014FD961673E7F500621B86 /* HeadlessSubMenuTableViewController.m */; };
		E014FDA31673E87700621B86 /* Headless.xml in Resources */ = {isa = PBXBuildFile; fileRef = E014FDA01673E87700621B86 /* Headless.xml */; };
		E014FDA81673F82F00621B86 /* HeadlessPointerViewController.m in Sources */ = {isa = PBXBuildFile; fileRef = E014FDA71673F82F00621B86 /* HeadlessPointerViewController.m */; };
		E0177EB316B62BAB00A9B57B /* navbar-landscape-iphone5@2x.png in Resources */ = {isa = PBXBuildFile; fileRef = E0177EB016B62BAB00A9B57B /* navbar-landscape-iphone5@2x.png */; };
		E0177EB416B62BAB00A9B57B /* toolbar-landscape-iphone5@2x.png in Resources */ = {isa = PBXBuildFile; fileRef = E0177EB116B62BAB00A9B57B /* toolbar-landscape-iphone5@2x.png */; };
		E031BB1116632399006C6902 /* UIKit.framework in Frameworks */ = {isa = PBXBuildFile; fileRef = E031BB1016632399006C6902 /* UIKit.framework */; };
		E031BB1316632399006C6902 /* Foundation.framework in Frameworks */ = {isa = PBXBuildFile; fileRef = E031BB1216632399006C6902 /* Foundation.framework */; };
		E031BB1516632399006C6902 /* CoreGraphics.framework in Frameworks */ = {isa = PBXBuildFile; fileRef = E031BB1416632399006C6902 /* CoreGraphics.framework */; };
		E031BB1B16632399006C6902 /* InfoPlist.strings in Resources */ = {isa = PBXBuildFile; fileRef = E031BB1916632399006C6902 /* InfoPlist.strings */; };
		E031BB1D16632399006C6902 /* main.m in Sources */ = {isa = PBXBuildFile; fileRef = E031BB1C16632399006C6902 /* main.m */; };
		E031BB2116632399006C6902 /* HeadlessAppDelegate.m in Sources */ = {isa = PBXBuildFile; fileRef = E031BB2016632399006C6902 /* HeadlessAppDelegate.m */; };
		E031BB2316632399006C6902 /* Default.png in Resources */ = {isa = PBXBuildFile; fileRef = E031BB2216632399006C6902 /* Default.png */; };
		E031BB2516632399006C6902 /* Default@2x.png in Resources */ = {isa = PBXBuildFile; fileRef = E031BB2416632399006C6902 /* Default@2x.png */; };
		E031BB2716632399006C6902 /* Default-568h@2x.png in Resources */ = {isa = PBXBuildFile; fileRef = E031BB2616632399006C6902 /* Default-568h@2x.png */; };
		E031BB2A16632399006C6902 /* MainStoryboard.storyboard in Resources */ = {isa = PBXBuildFile; fileRef = E031BB2816632399006C6902 /* MainStoryboard.storyboard */; };
		E031BB461663283E006C6902 /* TBXML.m in Sources */ = {isa = PBXBuildFile; fileRef = E031BB411663283E006C6902 /* TBXML.m */; };
		E031BB471663283E006C6902 /* TBXML+Compression.m in Sources */ = {isa = PBXBuildFile; fileRef = E031BB431663283E006C6902 /* TBXML+Compression.m */; };
		E031BB481663283E006C6902 /* TBXML+HTTP.m in Sources */ = {isa = PBXBuildFile; fileRef = E031BB451663283E006C6902 /* TBXML+HTTP.m */; };
		E031BB4A1663287C006C6902 /* libz.dylib in Frameworks */ = {isa = PBXBuildFile; fileRef = E031BB491663287C006C6902 /* libz.dylib */; };
		E0343A1B16742B3B0090FCAA /* HeadlessAlarmRouter.m in Sources */ = {isa = PBXBuildFile; fileRef = E0343A1A16742B3B0090FCAA /* HeadlessAlarmRouter.m */; };
		E043809816A0D21000E3AD41 /* HeadlessNavigationController.m in Sources */ = {isa = PBXBuildFile; fileRef = E043809716A0D21000E3AD41 /* HeadlessNavigationController.m */; };
		E055953116BCD8920085A67F /* paper-background.png in Resources */ = {isa = PBXBuildFile; fileRef = E055952F16BCD8920085A67F /* paper-background.png */; };
		E055953216BCD8920085A67F /* paper-background@2x.png in Resources */ = {isa = PBXBuildFile; fileRef = E055953016BCD8920085A67F /* paper-background@2x.png */; };
		E06C7A4E16B67A0C003BD964 /* MediaPlayer.framework in Frameworks */ = {isa = PBXBuildFile; fileRef = E06C7A4D16B67A0C003BD964 /* MediaPlayer.framework */; };
		E06E86AE16BF51E100B7DDBA /* navbar-movie-landscape-iphone5@2x.png in Resources */ = {isa = PBXBuildFile; fileRef = E06E86AB16BF51E100B7DDBA /* navbar-movie-landscape-iphone5@2x.png */; };
		E06E86AF16BF51E100B7DDBA /* navbar-movie-landscape.png in Resources */ = {isa = PBXBuildFile; fileRef = E06E86AC16BF51E100B7DDBA /* navbar-movie-landscape.png */; };
		E06E86B016BF51E100B7DDBA /* navbar-movie-landscape@2x.png in Resources */ = {isa = PBXBuildFile; fileRef = E06E86AD16BF51E100B7DDBA /* navbar-movie-landscape@2x.png */; };
		E0A53CD816A886A5004646D7 /* background.png in Resources */ = {isa = PBXBuildFile; fileRef = E0A53CD616A886A5004646D7 /* background.png */; };
		E0A53CD916A886A5004646D7 /* background@2x.png in Resources */ = {isa = PBXBuildFile; fileRef = E0A53CD716A886A5004646D7 /* background@2x.png */; };
		E0A53CDE16A88A17004646D7 /* back.png in Resources */ = {isa = PBXBuildFile; fileRef = E0A53CDA16A88A17004646D7 /* back.png */; };
		E0A53CDF16A88A17004646D7 /* back@2x.png in Resources */ = {isa = PBXBuildFile; fileRef = E0A53CDB16A88A17004646D7 /* back@2x.png */; };
		E0A53CE016A88A17004646D7 /* forward.png in Resources */ = {isa = PBXBuildFile; fileRef = E0A53CDC16A88A17004646D7 /* forward.png */; };
		E0A53CE116A88A17004646D7 /* forward@2x.png in Resources */ = {isa = PBXBuildFile; fileRef = E0A53CDD16A88A17004646D7 /* forward@2x.png */; };
		E0C852A31677EA070044C6BC /* HeadlessAlarmItemViewController.m in Sources */ = {isa = PBXBuildFile; fileRef = E0C8529E1677EA070044C6BC /* HeadlessAlarmItemViewController.m */; };
		E0C852A41677EA070044C6BC /* HeadlessAlarmRepeatTableViewController.m in Sources */ = {isa = PBXBuildFile; fileRef = E0C852A01677EA070044C6BC /* HeadlessAlarmRepeatTableViewController.m */; };
		E0C852A51677EA070044C6BC /* HeadlessAlarmTableViewController.m in Sources */ = {isa = PBXBuildFile; fileRef = E0C852A21677EA070044C6BC /* HeadlessAlarmTableViewController.m */; };
		E0C852A81677EA100044C6BC /* AlarmNode.m in Sources */ = {isa = PBXBuildFile; fileRef = E0C852A71677EA100044C6BC /* AlarmNode.m */; };
		E0C852AB1677EBA90044C6BC /* HeadlessAlarmManager.m in Sources */ = {isa = PBXBuildFile; fileRef = E0C852AA1677EBA90044C6BC /* HeadlessAlarmManager.m */; };
		E0CF338D16B3A58F00C3886F /* navbar.png in Resources */ = {isa = PBXBuildFile; fileRef = E0CF338B16B3A58F00C3886F /* navbar.png */; };
		E0CF338E16B3A58F00C3886F /* navbar@2x.png in Resources */ = {isa = PBXBuildFile; fileRef = E0CF338C16B3A58F00C3886F /* navbar@2x.png */; };
		E0CF339816B3B3FB00C3886F /* navbar-home.png in Resources */ = {isa = PBXBuildFile; fileRef = E0CF339216B3B3FB00C3886F /* navbar-home.png */; };
		E0CF339916B3B3FB00C3886F /* navbar-home@2x.png in Resources */ = {isa = PBXBuildFile; fileRef = E0CF339316B3B3FB00C3886F /* navbar-home@2x.png */; };
		E0CF339A16B3B3FB00C3886F /* navbar-landscape.png in Resources */ = {isa = PBXBuildFile; fileRef = E0CF339416B3B3FB00C3886F /* navbar-landscape.png */; };
		E0CF339B16B3B3FB00C3886F /* navbar-landscape@2x.png in Resources */ = {isa = PBXBuildFile; fileRef = E0CF339516B3B3FB00C3886F /* navbar-landscape@2x.png */; };
		E0CF33A016B3B70700C3886F /* toolbar-landscape.png in Resources */ = {isa = PBXBuildFile; fileRef = E0CF339C16B3B70700C3886F /* toolbar-landscape.png */; };
		E0CF33A116B3B70700C3886F /* toolbar-landscape@2x.png in Resources */ = {isa = PBXBuildFile; fileRef = E0CF339D16B3B70700C3886F /* toolbar-landscape@2x.png */; };
		E0CF33A216B3B70700C3886F /* toolbar.png in Resources */ = {isa = PBXBuildFile; fileRef = E0CF339E16B3B70700C3886F /* toolbar.png */; };
		E0CF33A316B3B70700C3886F /* toolbar@2x.png in Resources */ = {isa = PBXBuildFile; fileRef = E0CF339F16B3B70700C3886F /* toolbar@2x.png */; };
/* End PBXBuildFile section */

/* Begin PBXFileReference section */
		E005ECB416B23CCD002FB0CB /* Reachability.h */ = {isa = PBXFileReference; fileEncoding = 4; lastKnownFileType = sourcecode.c.h; name = Reachability.h; path = Reachability/Reachability.h; sourceTree = "<group>"; };
		E005ECB516B23CCD002FB0CB /* Reachability.m */ = {isa = PBXFileReference; fileEncoding = 4; lastKnownFileType = sourcecode.c.objc; name = Reachability.m; path = Reachability/Reachability.m; sourceTree = "<group>"; };
		E005ECB816B24001002FB0CB /* SystemConfiguration.framework */ = {isa = PBXFileReference; lastKnownFileType = wrapper.framework; name = SystemConfiguration.framework; path = System/Library/Frameworks/SystemConfiguration.framework; sourceTree = SDKROOT; };
		E006F5D71697578D0065FE9D /* HeadlessNavigationBarHelper.h */ = {isa = PBXFileReference; fileEncoding = 4; lastKnownFileType = sourcecode.c.h; path = HeadlessNavigationBarHelper.h; sourceTree = "<group>"; };
		E006F5D81697578D0065FE9D /* HeadlessNavigationBarHelper.m */ = {isa = PBXFileReference; fileEncoding = 4; lastKnownFileType = sourcecode.c.objc; path = HeadlessNavigationBarHelper.m; sourceTree = "<group>"; };
		E00CF03016B34644009EB1EF /* Icon.png */ = {isa = PBXFileReference; lastKnownFileType = image.png; path = Icon.png; sourceTree = "<group>"; };
		E00CF03116B34644009EB1EF /* Icon@2x.png */ = {isa = PBXFileReference; lastKnownFileType = image.png; path = "Icon@2x.png"; sourceTree = "<group>"; };
		E00CF03216B34644009EB1EF /* iTunesArtwork */ = {isa = PBXFileReference; lastKnownFileType = file; path = iTunesArtwork; sourceTree = "<group>"; };
		E00CF03316B34644009EB1EF /* iTunesArtwork@2x */ = {isa = PBXFileReference; lastKnownFileType = file; path = "iTunesArtwork@2x"; sourceTree = "<group>"; };
		E014FD761673E7E500621B86 /* HeadlessDataNode.h */ = {isa = PBXFileReference; fileEncoding = 4; lastKnownFileType = sourcecode.c.h; path = HeadlessDataNode.h; sourceTree = "<group>"; };
		E014FD771673E7E500621B86 /* HeadlessDataNode.m */ = {isa = PBXFileReference; fileEncoding = 4; lastKnownFileType = sourcecode.c.objc; path = HeadlessDataNode.m; sourceTree = "<group>"; };
		E014FD7B1673E7E500621B86 /* Pointers.h */ = {isa = PBXFileReference; fileEncoding = 4; lastKnownFileType = sourcecode.c.h; path = Pointers.h; sourceTree = "<group>"; };
		E014FD7C1673E7E500621B86 /* Pointers.m */ = {isa = PBXFileReference; fileEncoding = 4; lastKnownFileType = sourcecode.c.objc; path = Pointers.m; sourceTree = "<group>"; };
		E014FD7E1673E7E500621B86 /* HeadlessDataNodeParser.h */ = {isa = PBXFileReference; fileEncoding = 4; lastKnownFileType = sourcecode.c.h; path = HeadlessDataNodeParser.h; sourceTree = "<group>"; };
		E014FD7F1673E7E500621B86 /* HeadlessDataNodeParser.m */ = {isa = PBXFileReference; fileEncoding = 4; lastKnownFileType = sourcecode.c.objc; path = HeadlessDataNodeParser.m; sourceTree = "<group>"; };
		E014FD891673E7F500621B86 /* HeadlessBrowserViewController.h */ = {isa = PBXFileReference; fileEncoding = 4; lastKnownFileType = sourcecode.c.h; path = HeadlessBrowserViewController.h; sourceTree = "<group>"; };
		E014FD8A1673E7F500621B86 /* HeadlessBrowserViewController.m */ = {isa = PBXFileReference; fileEncoding = 4; lastKnownFileType = sourcecode.c.objc; path = HeadlessBrowserViewController.m; sourceTree = "<group>"; };
		E014FD8B1673E7F500621B86 /* HeadlessMainTableViewController.h */ = {isa = PBXFileReference; fileEncoding = 4; lastKnownFileType = sourcecode.c.h; path = HeadlessMainTableViewController.h; sourceTree = "<group>"; };
		E014FD8C1673E7F500621B86 /* HeadlessMainTableViewController.m */ = {isa = PBXFileReference; fileEncoding = 4; lastKnownFileType = sourcecode.c.objc; path = HeadlessMainTableViewController.m; sourceTree = "<group>"; };
		E014FD951673E7F500621B86 /* HeadlessSubMenuTableViewController.h */ = {isa = PBXFileReference; fileEncoding = 4; lastKnownFileType = sourcecode.c.h; path = HeadlessSubMenuTableViewController.h; sourceTree = "<group>"; };
		E014FD961673E7F500621B86 /* HeadlessSubMenuTableViewController.m */ = {isa = PBXFileReference; fileEncoding = 4; lastKnownFileType = sourcecode.c.objc; path = HeadlessSubMenuTableViewController.m; sourceTree = "<group>"; };
		E014FDA01673E87700621B86 /* Headless.xml */ = {isa = PBXFileReference; fileEncoding = 4; lastKnownFileType = text.xml; path = Headless.xml; sourceTree = "<group>"; };
		E014FDA61673F82F00621B86 /* HeadlessPointerViewController.h */ = {isa = PBXFileReference; fileEncoding = 4; lastKnownFileType = sourcecode.c.h; path = HeadlessPointerViewController.h; sourceTree = "<group>"; };
		E014FDA71673F82F00621B86 /* HeadlessPointerViewController.m */ = {isa = PBXFileReference; fileEncoding = 4; lastKnownFileType = sourcecode.c.objc; path = HeadlessPointerViewController.m; sourceTree = "<group>"; };
		E0177EB016B62BAB00A9B57B /* navbar-landscape-iphone5@2x.png */ = {isa = PBXFileReference; lastKnownFileType = image.png; name = "navbar-landscape-iphone5@2x.png"; path = "Images/navbar-landscape-iphone5@2x.png"; sourceTree = "<group>"; };
		E0177EB116B62BAB00A9B57B /* toolbar-landscape-iphone5@2x.png */ = {isa = PBXFileReference; lastKnownFileType = image.png; name = "toolbar-landscape-iphone5@2x.png"; path = "Images/toolbar-landscape-iphone5@2x.png"; sourceTree = "<group>"; };
		E031BB0C16632399006C6902 /* HeadlessWay.app */ = {isa = PBXFileReference; explicitFileType = wrapper.application; includeInIndex = 0; path = HeadlessWay.app; sourceTree = BUILT_PRODUCTS_DIR; };
		E031BB1016632399006C6902 /* UIKit.framework */ = {isa = PBXFileReference; lastKnownFileType = wrapper.framework; name = UIKit.framework; path = System/Library/Frameworks/UIKit.framework; sourceTree = SDKROOT; };
		E031BB1216632399006C6902 /* Foundation.framework */ = {isa = PBXFileReference; lastKnownFileType = wrapper.framework; name = Foundation.framework; path = System/Library/Frameworks/Foundation.framework; sourceTree = SDKROOT; };
		E031BB1416632399006C6902 /* CoreGraphics.framework */ = {isa = PBXFileReference; lastKnownFileType = wrapper.framework; name = CoreGraphics.framework; path = System/Library/Frameworks/CoreGraphics.framework; sourceTree = SDKROOT; };
		E031BB1816632399006C6902 /* HeadlessWay-Info.plist */ = {isa = PBXFileReference; lastKnownFileType = text.plist.xml; path = "HeadlessWay-Info.plist"; sourceTree = "<group>"; };
		E031BB1A16632399006C6902 /* en */ = {isa = PBXFileReference; lastKnownFileType = text.plist.strings; name = en; path = en.lproj/InfoPlist.strings; sourceTree = "<group>"; };
		E031BB1C16632399006C6902 /* main.m */ = {isa = PBXFileReference; lastKnownFileType = sourcecode.c.objc; path = main.m; sourceTree = "<group>"; };
		E031BB1E16632399006C6902 /* HeadlessWay-Prefix.pch */ = {isa = PBXFileReference; lastKnownFileType = sourcecode.c.h; path = "HeadlessWay-Prefix.pch"; sourceTree = "<group>"; };
		E031BB1F16632399006C6902 /* HeadlessAppDelegate.h */ = {isa = PBXFileReference; lastKnownFileType = sourcecode.c.h; path = HeadlessAppDelegate.h; sourceTree = "<group>"; };
		E031BB2016632399006C6902 /* HeadlessAppDelegate.m */ = {isa = PBXFileReference; lastKnownFileType = sourcecode.c.objc; path = HeadlessAppDelegate.m; sourceTree = "<group>"; };
		E031BB2216632399006C6902 /* Default.png */ = {isa = PBXFileReference; lastKnownFileType = image.png; path = Default.png; sourceTree = "<group>"; };
		E031BB2416632399006C6902 /* Default@2x.png */ = {isa = PBXFileReference; lastKnownFileType = image.png; path = "Default@2x.png"; sourceTree = "<group>"; };
		E031BB2616632399006C6902 /* Default-568h@2x.png */ = {isa = PBXFileReference; lastKnownFileType = image.png; path = "Default-568h@2x.png"; sourceTree = "<group>"; };
		E031BB2916632399006C6902 /* en */ = {isa = PBXFileReference; lastKnownFileType = file.storyboard; name = en; path = en.lproj/MainStoryboard.storyboard; sourceTree = "<group>"; };
		E031BB401663283E006C6902 /* TBXML.h */ = {isa = PBXFileReference; fileEncoding = 4; lastKnownFileType = sourcecode.c.h; name = TBXML.h; path = TBXML/TBXML.h; sourceTree = "<group>"; };
		E031BB411663283E006C6902 /* TBXML.m */ = {isa = PBXFileReference; fileEncoding = 4; lastKnownFileType = sourcecode.c.objc; name = TBXML.m; path = TBXML/TBXML.m; sourceTree = "<group>"; };
		E031BB421663283E006C6902 /* TBXML+Compression.h */ = {isa = PBXFileReference; fileEncoding = 4; lastKnownFileType = sourcecode.c.h; name = "TBXML+Compression.h"; path = "TBXML/TBXML+Compression.h"; sourceTree = "<group>"; };
		E031BB431663283E006C6902 /* TBXML+Compression.m */ = {isa = PBXFileReference; fileEncoding = 4; lastKnownFileType = sourcecode.c.objc; name = "TBXML+Compression.m"; path = "TBXML/TBXML+Compression.m"; sourceTree = "<group>"; };
		E031BB441663283E006C6902 /* TBXML+HTTP.h */ = {isa = PBXFileReference; fileEncoding = 4; lastKnownFileType = sourcecode.c.h; name = "TBXML+HTTP.h"; path = "TBXML/TBXML+HTTP.h"; sourceTree = "<group>"; };
		E031BB451663283E006C6902 /* TBXML+HTTP.m */ = {isa = PBXFileReference; fileEncoding = 4; lastKnownFileType = sourcecode.c.objc; name = "TBXML+HTTP.m"; path = "TBXML/TBXML+HTTP.m"; sourceTree = "<group>"; };
		E031BB491663287C006C6902 /* libz.dylib */ = {isa = PBXFileReference; lastKnownFileType = "compiled.mach-o.dylib"; name = libz.dylib; path = usr/lib/libz.dylib; sourceTree = SDKROOT; };
		E0343A1916742B3B0090FCAA /* HeadlessAlarmRouter.h */ = {isa = PBXFileReference; fileEncoding = 4; lastKnownFileType = sourcecode.c.h; path = HeadlessAlarmRouter.h; sourceTree = "<group>"; };
		E0343A1A16742B3B0090FCAA /* HeadlessAlarmRouter.m */ = {isa = PBXFileReference; fileEncoding = 4; lastKnownFileType = sourcecode.c.objc; path = HeadlessAlarmRouter.m; sourceTree = "<group>"; };
		E043809616A0D21000E3AD41 /* HeadlessNavigationController.h */ = {isa = PBXFileReference; fileEncoding = 4; lastKnownFileType = sourcecode.c.h; path = HeadlessNavigationController.h; sourceTree = "<group>"; };
		E043809716A0D21000E3AD41 /* HeadlessNavigationController.m */ = {isa = PBXFileReference; fileEncoding = 4; lastKnownFileType = sourcecode.c.objc; path = HeadlessNavigationController.m; sourceTree = "<group>"; };
		E043809C16A0E1AD00E3AD41 /* HeadlessCommon.h */ = {isa = PBXFileReference; fileEncoding = 4; lastKnownFileType = sourcecode.c.h; path = HeadlessCommon.h; sourceTree = "<group>"; };
		E055952F16BCD8920085A67F /* paper-background.png */ = {isa = PBXFileReference; lastKnownFileType = image.png; name = "paper-background.png"; path = "Images/paper-background.png"; sourceTree = "<group>"; };
		E055953016BCD8920085A67F /* paper-background@2x.png */ = {isa = PBXFileReference; lastKnownFileType = image.png; name = "paper-background@2x.png"; path = "Images/paper-background@2x.png"; sourceTree = "<group>"; };
		E06C7A4D16B67A0C003BD964 /* MediaPlayer.framework */ = {isa = PBXFileReference; lastKnownFileType = wrapper.framework; name = MediaPlayer.framework; path = System/Library/Frameworks/MediaPlayer.framework; sourceTree = SDKROOT; };
		E06E86AB16BF51E100B7DDBA /* navbar-movie-landscape-iphone5@2x.png */ = {isa = PBXFileReference; lastKnownFileType = image.png; name = "navbar-movie-landscape-iphone5@2x.png"; path = "Images/navbar-movie-landscape-iphone5@2x.png"; sourceTree = "<group>"; };
		E06E86AC16BF51E100B7DDBA /* navbar-movie-landscape.png */ = {isa = PBXFileReference; lastKnownFileType = image.png; name = "navbar-movie-landscape.png"; path = "Images/navbar-movie-landscape.png"; sourceTree = "<group>"; };
		E06E86AD16BF51E100B7DDBA /* navbar-movie-landscape@2x.png */ = {isa = PBXFileReference; lastKnownFileType = image.png; name = "navbar-movie-landscape@2x.png"; path = "Images/navbar-movie-landscape@2x.png"; sourceTree = "<group>"; };
		E0A53CD616A886A5004646D7 /* background.png */ = {isa = PBXFileReference; lastKnownFileType = image.png; name = background.png; path = Images/background.png; sourceTree = "<group>"; };
		E0A53CD716A886A5004646D7 /* background@2x.png */ = {isa = PBXFileReference; lastKnownFileType = image.png; name = "background@2x.png"; path = "Images/background@2x.png"; sourceTree = "<group>"; };
		E0A53CDA16A88A17004646D7 /* back.png */ = {isa = PBXFileReference; lastKnownFileType = image.png; name = back.png; path = Images/back.png; sourceTree = "<group>"; };
		E0A53CDB16A88A17004646D7 /* back@2x.png */ = {isa = PBXFileReference; lastKnownFileType = image.png; name = "back@2x.png"; path = "Images/back@2x.png"; sourceTree = "<group>"; };
		E0A53CDC16A88A17004646D7 /* forward.png */ = {isa = PBXFileReference; lastKnownFileType = image.png; name = forward.png; path = Images/forward.png; sourceTree = "<group>"; };
		E0A53CDD16A88A17004646D7 /* forward@2x.png */ = {isa = PBXFileReference; lastKnownFileType = image.png; name = "forward@2x.png"; path = "Images/forward@2x.png"; sourceTree = "<group>"; };
		E0A53CE216A89722004646D7 /* HeadlessGraphics.h */ = {isa = PBXFileReference; fileEncoding = 4; lastKnownFileType = sourcecode.c.h; path = HeadlessGraphics.h; sourceTree = "<group>"; };
		E0C8529D1677EA070044C6BC /* HeadlessAlarmItemViewController.h */ = {isa = PBXFileReference; fileEncoding = 4; lastKnownFileType = sourcecode.c.h; path = HeadlessAlarmItemViewController.h; sourceTree = "<group>"; };
		E0C8529E1677EA070044C6BC /* HeadlessAlarmItemViewController.m */ = {isa = PBXFileReference; fileEncoding = 4; lastKnownFileType = sourcecode.c.objc; path = HeadlessAlarmItemViewController.m; sourceTree = "<group>"; };
		E0C8529F1677EA070044C6BC /* HeadlessAlarmRepeatTableViewController.h */ = {isa = PBXFileReference; fileEncoding = 4; lastKnownFileType = sourcecode.c.h; path = HeadlessAlarmRepeatTableViewController.h; sourceTree = "<group>"; };
		E0C852A01677EA070044C6BC /* HeadlessAlarmRepeatTableViewController.m */ = {isa = PBXFileReference; fileEncoding = 4; lastKnownFileType = sourcecode.c.objc; path = HeadlessAlarmRepeatTableViewController.m; sourceTree = "<group>"; };
		E0C852A11677EA070044C6BC /* HeadlessAlarmTableViewController.h */ = {isa = PBXFileReference; fileEncoding = 4; lastKnownFileType = sourcecode.c.h; path = HeadlessAlarmTableViewController.h; sourceTree = "<group>"; };
		E0C852A21677EA070044C6BC /* HeadlessAlarmTableViewController.m */ = {isa = PBXFileReference; fileEncoding = 4; lastKnownFileType = sourcecode.c.objc; path = HeadlessAlarmTableViewController.m; sourceTree = "<group>"; };
		E0C852A61677EA100044C6BC /* AlarmNode.h */ = {isa = PBXFileReference; fileEncoding = 4; lastKnownFileType = sourcecode.c.h; path = AlarmNode.h; sourceTree = "<group>"; };
		E0C852A71677EA100044C6BC /* AlarmNode.m */ = {isa = PBXFileReference; fileEncoding = 4; lastKnownFileType = sourcecode.c.objc; path = AlarmNode.m; sourceTree = "<group>"; };
		E0C852A91677EBA90044C6BC /* HeadlessAlarmManager.h */ = {isa = PBXFileReference; fileEncoding = 4; lastKnownFileType = sourcecode.c.h; path = HeadlessAlarmManager.h; sourceTree = "<group>"; };
		E0C852AA1677EBA90044C6BC /* HeadlessAlarmManager.m */ = {isa = PBXFileReference; fileEncoding = 4; lastKnownFileType = sourcecode.c.objc; path = HeadlessAlarmManager.m; sourceTree = "<group>"; };
		E0CF338B16B3A58F00C3886F /* navbar.png */ = {isa = PBXFileReference; lastKnownFileType = image.png; name = navbar.png; path = Images/navbar.png; sourceTree = "<group>"; };
		E0CF338C16B3A58F00C3886F /* navbar@2x.png */ = {isa = PBXFileReference; lastKnownFileType = image.png; name = "navbar@2x.png"; path = "Images/navbar@2x.png"; sourceTree = "<group>"; };
		E0CF339216B3B3FB00C3886F /* navbar-home.png */ = {isa = PBXFileReference; lastKnownFileType = image.png; name = "navbar-home.png"; path = "Images/navbar-home.png"; sourceTree = "<group>"; };
		E0CF339316B3B3FB00C3886F /* navbar-home@2x.png */ = {isa = PBXFileReference; lastKnownFileType = image.png; name = "navbar-home@2x.png"; path = "Images/navbar-home@2x.png"; sourceTree = "<group>"; };
		E0CF339416B3B3FB00C3886F /* navbar-landscape.png */ = {isa = PBXFileReference; lastKnownFileType = image.png; name = "navbar-landscape.png"; path = "Images/navbar-landscape.png"; sourceTree = "<group>"; };
		E0CF339516B3B3FB00C3886F /* navbar-landscape@2x.png */ = {isa = PBXFileReference; lastKnownFileType = image.png; name = "navbar-landscape@2x.png"; path = "Images/navbar-landscape@2x.png"; sourceTree = "<group>"; };
		E0CF339C16B3B70700C3886F /* toolbar-landscape.png */ = {isa = PBXFileReference; lastKnownFileType = image.png; name = "toolbar-landscape.png"; path = "Images/toolbar-landscape.png"; sourceTree = "<group>"; };
		E0CF339D16B3B70700C3886F /* toolbar-landscape@2x.png */ = {isa = PBXFileReference; lastKnownFileType = image.png; name = "toolbar-landscape@2x.png"; path = "Images/toolbar-landscape@2x.png"; sourceTree = "<group>"; };
		E0CF339E16B3B70700C3886F /* toolbar.png */ = {isa = PBXFileReference; lastKnownFileType = image.png; name = toolbar.png; path = Images/toolbar.png; sourceTree = "<group>"; };
		E0CF339F16B3B70700C3886F /* toolbar@2x.png */ = {isa = PBXFileReference; lastKnownFileType = image.png; name = "toolbar@2x.png"; path = "Images/toolbar@2x.png"; sourceTree = "<group>"; };
/* End PBXFileReference section */

/* Begin PBXFrameworksBuildPhase section */
		E031BB0916632399006C6902 /* Frameworks */ = {
			isa = PBXFrameworksBuildPhase;
			buildActionMask = 2147483647;
			files = (
				E06C7A4E16B67A0C003BD964 /* MediaPlayer.framework in Frameworks */,
				E005ECB916B24001002FB0CB /* SystemConfiguration.framework in Frameworks */,
				E031BB4A1663287C006C6902 /* libz.dylib in Frameworks */,
				E031BB1116632399006C6902 /* UIKit.framework in Frameworks */,
				E031BB1316632399006C6902 /* Foundation.framework in Frameworks */,
				E031BB1516632399006C6902 /* CoreGraphics.framework in Frameworks */,
			);
			runOnlyForDeploymentPostprocessing = 0;
		};
/* End PBXFrameworksBuildPhase section */

/* Begin PBXGroup section */
		E005ECB716B23CDB002FB0CB /* Reachability */ = {
			isa = PBXGroup;
			children = (
				E005ECB416B23CCD002FB0CB /* Reachability.h */,
				E005ECB516B23CCD002FB0CB /* Reachability.m */,
			);
			name = Reachability;
			sourceTree = "<group>";
		};
		E014FD751673E7E500621B86 /* Classes */ = {
			isa = PBXGroup;
			children = (
				E043809C16A0E1AD00E3AD41 /* HeadlessCommon.h */,
				E0343A1916742B3B0090FCAA /* HeadlessAlarmRouter.h */,
				E0343A1A16742B3B0090FCAA /* HeadlessAlarmRouter.m */,
				E0C852A91677EBA90044C6BC /* HeadlessAlarmManager.h */,
				E0C852AA1677EBA90044C6BC /* HeadlessAlarmManager.m */,
				E0C852A61677EA100044C6BC /* AlarmNode.h */,
				E0C852A71677EA100044C6BC /* AlarmNode.m */,
				E014FD7E1673E7E500621B86 /* HeadlessDataNodeParser.h */,
				E014FD7F1673E7E500621B86 /* HeadlessDataNodeParser.m */,
				E014FD761673E7E500621B86 /* HeadlessDataNode.h */,
				E014FD771673E7E500621B86 /* HeadlessDataNode.m */,
				E014FD7B1673E7E500621B86 /* Pointers.h */,
				E014FD7C1673E7E500621B86 /* Pointers.m */,
			);
			path = Classes;
			sourceTree = "<group>";
		};
		E014FD861673E7F500621B86 /* UI */ = {
			isa = PBXGroup;
			children = (
				E0A53CE216A89722004646D7 /* HeadlessGraphics.h */,
				E0C8529D1677EA070044C6BC /* HeadlessAlarmItemViewController.h */,
				E0C8529E1677EA070044C6BC /* HeadlessAlarmItemViewController.m */,
				E0C8529F1677EA070044C6BC /* HeadlessAlarmRepeatTableViewController.h */,
				E0C852A01677EA070044C6BC /* HeadlessAlarmRepeatTableViewController.m */,
				E0C852A11677EA070044C6BC /* HeadlessAlarmTableViewController.h */,
				E0C852A21677EA070044C6BC /* HeadlessAlarmTableViewController.m */,
				E014FD891673E7F500621B86 /* HeadlessBrowserViewController.h */,
				E014FD8A1673E7F500621B86 /* HeadlessBrowserViewController.m */,
				E014FD8B1673E7F500621B86 /* HeadlessMainTableViewController.h */,
				E014FD8C1673E7F500621B86 /* HeadlessMainTableViewController.m */,
				E014FDA61673F82F00621B86 /* HeadlessPointerViewController.h */,
				E014FDA71673F82F00621B86 /* HeadlessPointerViewController.m */,
				E014FD951673E7F500621B86 /* HeadlessSubMenuTableViewController.h */,
				E014FD961673E7F500621B86 /* HeadlessSubMenuTableViewController.m */,
				E006F5D71697578D0065FE9D /* HeadlessNavigationBarHelper.h */,
				E006F5D81697578D0065FE9D /* HeadlessNavigationBarHelper.m */,
				E043809616A0D21000E3AD41 /* HeadlessNavigationController.h */,
				E043809716A0D21000E3AD41 /* HeadlessNavigationController.m */,
			);
			path = UI;
			sourceTree = "<group>";
		};
		E014FD9F1673E87700621B86 /* Data */ = {
			isa = PBXGroup;
			children = (
				E014FDA01673E87700621B86 /* Headless.xml */,
			);
			path = Data;
			sourceTree = "<group>";
		};
		E031BB0116632399006C6902 = {
			isa = PBXGroup;
			children = (
				E06C7A4D16B67A0C003BD964 /* MediaPlayer.framework */,
				E00CF03016B34644009EB1EF /* Icon.png */,
				E00CF03116B34644009EB1EF /* Icon@2x.png */,
				E00CF03216B34644009EB1EF /* iTunesArtwork */,
				E00CF03316B34644009EB1EF /* iTunesArtwork@2x */,
				E031BB1616632399006C6902 /* HeadlessWay */,
				E031BB0F16632399006C6902 /* Frameworks */,
				E031BB0D16632399006C6902 /* Products */,
			);
			sourceTree = "<group>";
		};
		E031BB0D16632399006C6902 /* Products */ = {
			isa = PBXGroup;
			children = (
				E031BB0C16632399006C6902 /* HeadlessWay.app */,
			);
			name = Products;
			sourceTree = "<group>";
		};
		E031BB0F16632399006C6902 /* Frameworks */ = {
			isa = PBXGroup;
			children = (
				E031BB491663287C006C6902 /* libz.dylib */,
				E005ECB816B24001002FB0CB /* SystemConfiguration.framework */,
				E031BB1016632399006C6902 /* UIKit.framework */,
				E031BB1216632399006C6902 /* Foundation.framework */,
				E031BB1416632399006C6902 /* CoreGraphics.framework */,
			);
			name = Frameworks;
			sourceTree = "<group>";
		};
		E031BB1616632399006C6902 /* HeadlessWay */ = {
			isa = PBXGroup;
			children = (
				E031BB1F16632399006C6902 /* HeadlessAppDelegate.h */,
				E031BB2016632399006C6902 /* HeadlessAppDelegate.m */,
				E031BB2816632399006C6902 /* MainStoryboard.storyboard */,
				E014FD861673E7F500621B86 /* UI */,
				E014FD751673E7E500621B86 /* Classes */,
				E031BB3F166327D1006C6902 /* TBXML */,
				E005ECB716B23CDB002FB0CB /* Reachability */,
				E014FD9F1673E87700621B86 /* Data */,
				E031BB1716632399006C6902 /* Supporting Files */,
				E0A53CD416A88697004646D7 /* Images */,
			);
			path = HeadlessWay;
			sourceTree = "<group>";
		};
		E031BB1716632399006C6902 /* Supporting Files */ = {
			isa = PBXGroup;
			children = (
				E031BB1816632399006C6902 /* HeadlessWay-Info.plist */,
				E031BB1916632399006C6902 /* InfoPlist.strings */,
				E031BB1C16632399006C6902 /* main.m */,
				E031BB1E16632399006C6902 /* HeadlessWay-Prefix.pch */,
				E031BB2216632399006C6902 /* Default.png */,
				E031BB2416632399006C6902 /* Default@2x.png */,
				E031BB2616632399006C6902 /* Default-568h@2x.png */,
			);
			name = "Supporting Files";
			sourceTree = "<group>";
		};
		E031BB3F166327D1006C6902 /* TBXML */ = {
			isa = PBXGroup;
			children = (
				E031BB401663283E006C6902 /* TBXML.h */,
				E031BB411663283E006C6902 /* TBXML.m */,
				E031BB421663283E006C6902 /* TBXML+Compression.h */,
				E031BB431663283E006C6902 /* TBXML+Compression.m */,
				E031BB441663283E006C6902 /* TBXML+HTTP.h */,
				E031BB451663283E006C6902 /* TBXML+HTTP.m */,
			);
			name = TBXML;
			sourceTree = "<group>";
		};
		E0A53CD416A88697004646D7 /* Images */ = {
			isa = PBXGroup;
			children = (
				E06E86AB16BF51E100B7DDBA /* navbar-movie-landscape-iphone5@2x.png */,
				E06E86AC16BF51E100B7DDBA /* navbar-movie-landscape.png */,
				E06E86AD16BF51E100B7DDBA /* navbar-movie-landscape@2x.png */,
				E055952F16BCD8920085A67F /* paper-background.png */,
				E055953016BCD8920085A67F /* paper-background@2x.png */,
				E0A53CDA16A88A17004646D7 /* back.png */,
				E0A53CDB16A88A17004646D7 /* back@2x.png */,
				E0A53CD616A886A5004646D7 /* background.png */,
				E0A53CD716A886A5004646D7 /* background@2x.png */,
				E0A53CDC16A88A17004646D7 /* forward.png */,
				E0A53CDD16A88A17004646D7 /* forward@2x.png */,
				E0CF339216B3B3FB00C3886F /* navbar-home.png */,
				E0CF339316B3B3FB00C3886F /* navbar-home@2x.png */,
				E0177EB016B62BAB00A9B57B /* navbar-landscape-iphone5@2x.png */,
				E0CF339416B3B3FB00C3886F /* navbar-landscape.png */,
				E0CF339516B3B3FB00C3886F /* navbar-landscape@2x.png */,
				E0CF338B16B3A58F00C3886F /* navbar.png */,
				E0CF338C16B3A58F00C3886F /* navbar@2x.png */,
				E0177EB116B62BAB00A9B57B /* toolbar-landscape-iphone5@2x.png */,
				E0CF339C16B3B70700C3886F /* toolbar-landscape.png */,
				E0CF339D16B3B70700C3886F /* toolbar-landscape@2x.png */,
				E0CF339E16B3B70700C3886F /* toolbar.png */,
				E0CF339F16B3B70700C3886F /* toolbar@2x.png */,
			);
			name = Images;
			sourceTree = "<group>";
		};
/* End PBXGroup section */

/* Begin PBXNativeTarget section */
		E031BB0B16632399006C6902 /* HeadlessWay */ = {
			isa = PBXNativeTarget;
			buildConfigurationList = E031BB3016632399006C6902 /* Build configuration list for PBXNativeTarget "HeadlessWay" */;
			buildPhases = (
				E031BB0816632399006C6902 /* Sources */,
				E031BB0916632399006C6902 /* Frameworks */,
				E031BB0A16632399006C6902 /* Resources */,
			);
			buildRules = (
			);
			dependencies = (
			);
			name = HeadlessWay;
			productName = HeadlessWay;
			productReference = E031BB0C16632399006C6902 /* HeadlessWay.app */;
			productType = "com.apple.product-type.application";
		};
/* End PBXNativeTarget section */

/* Begin PBXProject section */
		E031BB0316632399006C6902 /* Project object */ = {
			isa = PBXProject;
			attributes = {
				CLASSPREFIX = Headless;
				LastUpgradeCheck = 0450;
				ORGANIZATIONNAME = HeadlessWay;
			};
			buildConfigurationList = E031BB0616632399006C6902 /* Build configuration list for PBXProject "HeadlessWay" */;
			compatibilityVersion = "Xcode 3.2";
			developmentRegion = English;
			hasScannedForEncodings = 0;
			knownRegions = (
				en,
			);
			mainGroup = E031BB0116632399006C6902;
			productRefGroup = E031BB0D16632399006C6902 /* Products */;
			projectDirPath = "";
			projectRoot = "";
			targets = (
				E031BB0B16632399006C6902 /* HeadlessWay */,
			);
		};
/* End PBXProject section */

/* Begin PBXResourcesBuildPhase section */
		E031BB0A16632399006C6902 /* Resources */ = {
			isa = PBXResourcesBuildPhase;
			buildActionMask = 2147483647;
			files = (
				E031BB1B16632399006C6902 /* InfoPlist.strings in Resources */,
				E031BB2316632399006C6902 /* Default.png in Resources */,
				E031BB2516632399006C6902 /* Default@2x.png in Resources */,
				E031BB2716632399006C6902 /* Default-568h@2x.png in Resources */,
				E031BB2A16632399006C6902 /* MainStoryboard.storyboard in Resources */,
				E014FDA31673E87700621B86 /* Headless.xml in Resources */,
				E0A53CD816A886A5004646D7 /* background.png in Resources */,
				E0A53CD916A886A5004646D7 /* background@2x.png in Resources */,
				E0A53CDE16A88A17004646D7 /* back.png in Resources */,
				E0A53CDF16A88A17004646D7 /* back@2x.png in Resources */,
				E0A53CE016A88A17004646D7 /* forward.png in Resources */,
				E0A53CE116A88A17004646D7 /* forward@2x.png in Resources */,
				E00CF03416B34644009EB1EF /* Icon.png in Resources */,
				E00CF03516B34644009EB1EF /* Icon@2x.png in Resources */,
				E00CF03616B34644009EB1EF /* iTunesArtwork in Resources */,
				E00CF03716B34644009EB1EF /* iTunesArtwork@2x in Resources */,
				E0CF338D16B3A58F00C3886F /* navbar.png in Resources */,
				E0CF338E16B3A58F00C3886F /* navbar@2x.png in Resources */,
				E0CF339816B3B3FB00C3886F /* navbar-home.png in Resources */,
				E0CF339916B3B3FB00C3886F /* navbar-home@2x.png in Resources */,
				E0CF339A16B3B3FB00C3886F /* navbar-landscape.png in Resources */,
				E0CF339B16B3B3FB00C3886F /* navbar-landscape@2x.png in Resources */,
				E0CF33A016B3B70700C3886F /* toolbar-landscape.png in Resources */,
				E0CF33A116B3B70700C3886F /* toolbar-landscape@2x.png in Resources */,
				E0CF33A216B3B70700C3886F /* toolbar.png in Resources */,
				E0CF33A316B3B70700C3886F /* toolbar@2x.png in Resources */,
				E0177EB316B62BAB00A9B57B /* navbar-landscape-iphone5@2x.png in Resources */,
				E0177EB416B62BAB00A9B57B /* toolbar-landscape-iphone5@2x.png in Resources */,
				E055953116BCD8920085A67F /* paper-background.png in Resources */,
				E055953216BCD8920085A67F /* paper-background@2x.png in Resources */,
				E06E86AE16BF51E100B7DDBA /* navbar-movie-landscape-iphone5@2x.png in Resources */,
				E06E86AF16BF51E100B7DDBA /* navbar-movie-landscape.png in Resources */,
				E06E86B016BF51E100B7DDBA /* navbar-movie-landscape@2x.png in Resources */,
			);
			runOnlyForDeploymentPostprocessing = 0;
		};
/* End PBXResourcesBuildPhase section */

/* Begin PBXSourcesBuildPhase section */
		E031BB0816632399006C6902 /* Sources */ = {
			isa = PBXSourcesBuildPhase;
			buildActionMask = 2147483647;
			files = (
				E031BB1D16632399006C6902 /* main.m in Sources */,
				E031BB2116632399006C6902 /* HeadlessAppDelegate.m in Sources */,
				E031BB461663283E006C6902 /* TBXML.m in Sources */,
				E031BB471663283E006C6902 /* TBXML+Compression.m in Sources */,
				E031BB481663283E006C6902 /* TBXML+HTTP.m in Sources */,
				E014FD801673E7E500621B86 /* HeadlessDataNode.m in Sources */,
				E014FD831673E7E500621B86 /* Pointers.m in Sources */,
				E014FD851673E7E500621B86 /* HeadlessDataNodeParser.m in Sources */,
				E014FD981673E7F500621B86 /* HeadlessBrowserViewController.m in Sources */,
				E014FD991673E7F500621B86 /* HeadlessMainTableViewController.m in Sources */,
				E014FD9E1673E7F500621B86 /* HeadlessSubMenuTableViewController.m in Sources */,
				E014FDA81673F82F00621B86 /* HeadlessPointerViewController.m in Sources */,
				E0343A1B16742B3B0090FCAA /* HeadlessAlarmRouter.m in Sources */,
				E0C852A31677EA070044C6BC /* HeadlessAlarmItemViewController.m in Sources */,
				E0C852A41677EA070044C6BC /* HeadlessAlarmRepeatTableViewController.m in Sources */,
				E0C852A51677EA070044C6BC /* HeadlessAlarmTableViewController.m in Sources */,
				E0C852A81677EA100044C6BC /* AlarmNode.m in Sources */,
				E0C852AB1677EBA90044C6BC /* HeadlessAlarmManager.m in Sources */,
				E006F5D91697578D0065FE9D /* HeadlessNavigationBarHelper.m in Sources */,
				E043809816A0D21000E3AD41 /* HeadlessNavigationController.m in Sources */,
				E005ECB616B23CCE002FB0CB /* Reachability.m in Sources */,
			);
			runOnlyForDeploymentPostprocessing = 0;
		};
/* End PBXSourcesBuildPhase section */

/* Begin PBXVariantGroup section */
		E031BB1916632399006C6902 /* InfoPlist.strings */ = {
			isa = PBXVariantGroup;
			children = (
				E031BB1A16632399006C6902 /* en */,
			);
			name = InfoPlist.strings;
			sourceTree = "<group>";
		};
		E031BB2816632399006C6902 /* MainStoryboard.storyboard */ = {
			isa = PBXVariantGroup;
			children = (
				E031BB2916632399006C6902 /* en */,
			);
			name = MainStoryboard.storyboard;
			sourceTree = "<group>";
		};
/* End PBXVariantGroup section */

/* Begin XCBuildConfiguration section */
		E031BB2E16632399006C6902 /* Debug */ = {
			isa = XCBuildConfiguration;
			buildSettings = {
				ALWAYS_SEARCH_USER_PATHS = NO;
				CLANG_CXX_LANGUAGE_STANDARD = "gnu++0x";
				CLANG_CXX_LIBRARY = "libc++";
				CLANG_WARN_EMPTY_BODY = YES;
				CLANG_WARN__DUPLICATE_METHOD_MATCH = YES;
				"CODE_SIGN_IDENTITY[sdk=iphoneos*]" = "iPhone Developer";
				COPY_PHASE_STRIP = NO;
				GCC_C_LANGUAGE_STANDARD = gnu99;
				GCC_DYNAMIC_NO_PIC = NO;
				GCC_OPTIMIZATION_LEVEL = 0;
				GCC_PREPROCESSOR_DEFINITIONS = (
					"DEBUG=1",
					"$(inherited)",
				);
				GCC_SYMBOLS_PRIVATE_EXTERN = NO;
				GCC_WARN_ABOUT_RETURN_TYPE = YES;
				GCC_WARN_UNINITIALIZED_AUTOS = YES;
				GCC_WARN_UNUSED_VARIABLE = YES;
				IPHONEOS_DEPLOYMENT_TARGET = 6.0;
				ONLY_ACTIVE_ARCH = YES;
				SDKROOT = iphoneos;
			};
			name = Debug;
		};
		E031BB2F16632399006C6902 /* Release */ = {
			isa = XCBuildConfiguration;
			buildSettings = {
				ALWAYS_SEARCH_USER_PATHS = NO;
				CLANG_CXX_LANGUAGE_STANDARD = "gnu++0x";
				CLANG_CXX_LIBRARY = "libc++";
				CLANG_WARN_EMPTY_BODY = YES;
				CLANG_WARN__DUPLICATE_METHOD_MATCH = YES;
				"CODE_SIGN_IDENTITY[sdk=iphoneos*]" = "iPhone Developer";
				COPY_PHASE_STRIP = YES;
				GCC_C_LANGUAGE_STANDARD = gnu99;
				GCC_WARN_ABOUT_RETURN_TYPE = YES;
				GCC_WARN_UNINITIALIZED_AUTOS = YES;
				GCC_WARN_UNUSED_VARIABLE = YES;
				IPHONEOS_DEPLOYMENT_TARGET = 6.0;
				OTHER_CFLAGS = "-DNS_BLOCK_ASSERTIONS=1";
				SDKROOT = iphoneos;
				VALIDATE_PRODUCT = YES;
			};
			name = Release;
		};
		E031BB3116632399006C6902 /* Debug */ = {
			isa = XCBuildConfiguration;
			buildSettings = {
				CODE_SIGN_IDENTITY = "iPhone Developer: Richard Lang (UNG7XFNWU2)";
				"CODE_SIGN_IDENTITY[sdk=iphoneos*]" = "iPhone Developer: Richard Lang (UNG7XFNWU2)";
				GCC_PRECOMPILE_PREFIX_HEADER = YES;
				GCC_PREFIX_HEADER = "HeadlessWay/HeadlessWay-Prefix.pch";
				INFOPLIST_FILE = "HeadlessWay/HeadlessWay-Info.plist";
				IPHONEOS_DEPLOYMENT_TARGET = 5.0;
				PRODUCT_NAME = "$(TARGET_NAME)";
				PROVISIONING_PROFILE = "CCABAEE9-C1BA-4ABD-8EF1-EEFDBE521227";
				"PROVISIONING_PROFILE[sdk=iphoneos*]" = "CCABAEE9-C1BA-4ABD-8EF1-EEFDBE521227";
				WRAPPER_EXTENSION = app;
			};
			name = Debug;
		};
		E031BB3216632399006C6902 /* Release */ = {
			isa = XCBuildConfiguration;
			buildSettings = {
				CODE_SIGN_IDENTITY = "iPhone Distribution: Richard Lang";
				"CODE_SIGN_IDENTITY[sdk=iphoneos*]" = "iPhone Distribution: Richard Lang";
				GCC_PRECOMPILE_PREFIX_HEADER = YES;
				GCC_PREFIX_HEADER = "HeadlessWay/HeadlessWay-Prefix.pch";
				INFOPLIST_FILE = "HeadlessWay/HeadlessWay-Info.plist";
				IPHONEOS_DEPLOYMENT_TARGET = 5.0;
				PRODUCT_NAME = "$(TARGET_NAME)";
				PROVISIONING_PROFILE = "3CFF60E4-87F5-4917-8052-67792759583A";
				"PROVISIONING_PROFILE[sdk=iphoneos*]" = "3CFF60E4-87F5-4917-8052-67792759583A";
				WRAPPER_EXTENSION = app;
			};
			name = Release;
		};
/* End XCBuildConfiguration section */

/* Begin XCConfigurationList section */
		E031BB0616632399006C6902 /* Build configuration list for PBXProject "HeadlessWay" */ = {
			isa = XCConfigurationList;
			buildConfigurations = (
				E031BB2E16632399006C6902 /* Debug */,
				E031BB2F16632399006C6902 /* Release */,
			);
			defaultConfigurationIsVisible = 0;
			defaultConfigurationName = Release;
		};
		E031BB3016632399006C6902 /* Build configuration list for PBXNativeTarget "HeadlessWay" */ = {
			isa = XCConfigurationList;
			buildConfigurations = (
				E031BB3116632399006C6902 /* Debug */,
				E031BB3216632399006C6902 /* Release */,
			);
			defaultConfigurationIsVisible = 0;
			defaultConfigurationName = Release;
		};
/* End XCConfigurationList section */
	};
	rootObject = E031BB0316632399006C6902 /* Project object */;
}
